
Microsoft Visual Studio Solution File, Format Version 12.00
# Visual Studio Version 17
VisualStudioVersion = 17.11.35222.181
MinimumVisualStudioVersion = 10.0.40219.1
Project("{8BC9CEB8-8B4A-11D0-8D11-00A0C91BC942}") = "Quick_sort", "Quick_sort\Quick_sort.vcxproj", "{E55DDC04-E712-4A30-BCBB-1D44CBD7B943}"
EndProject
Project("{8BC9CEB8-8B4A-11D0-8D11-00A0C91BC942}") = "Quick_sort_test", "Quick_sort_test\Quick_sort_test.vcxproj", "{FD51439E-E676-40AB-93F7-6014868CD7D4}"
EndProject
Global
	GlobalSection(SolutionConfigurationPlatforms) = preSolution
		Debug|x64 = Debug|x64
		Debug|x86 = Debug|x86
		Release|x64 = Release|x64
		Release|x86 = Release|x86
	EndGlobalSection
	GlobalSection(ProjectConfigurationPlatforms) = postSolution
		{E55DDC04-E712-4A30-BCBB-1D44CBD7B943}.Debug|x64.ActiveCfg = Debug|x64
		{E55DDC04-E712-4A30-BCBB-1D44CBD7B943}.Debug|x64.Build.0 = Debug|x64
		{E55DDC04-E712-4A30-BCBB-1D44CBD7B943}.Debug|x86.ActiveCfg = Debug|Win32
		{E55DDC04-E712-4A30-BCBB-1D44CBD7B943}.Debug|x86.Build.0 = Debug|Win32
		{E55DDC04-E712-4A30-BCBB-1D44CBD7B943}.Release|x64.ActiveCfg = Release|x64
		{E55DDC04-E712-4A30-BCBB-1D44CBD7B943}.Release|x64.Build.0 = Release|x64
		{E55DDC04-E712-4A30-BCBB-1D44CBD7B943}.Release|x86.ActiveCfg = Release|Win32
		{E55DDC04-E712-4A30-BCBB-1D44CBD7B943}.Release|x86.Build.0 = Release|Win32
		{FD51439E-E676-40AB-93F7-6014868CD7D4}.Debug|x64.ActiveCfg = Debug|x64
		{FD51439E-E676-40AB-93F7-6014868CD7D4}.Debug|x64.Build.0 = Debug|x64
		{FD51439E-E676-40AB-93F7-6014868CD7D4}.Debug|x86.ActiveCfg = Debug|Win32
		{FD51439E-E676-40AB-93F7-6014868CD7D4}.Debug|x86.Build.0 = Debug|Win32
		{FD51439E-E676-40AB-93F7-6014868CD7D4}.Release|x64.ActiveCfg = Release|x64
		{FD51439E-E676-40AB-93F7-6014868CD7D4}.Release|x64.Build.0 = Release|x64
		{FD51439E-E676-40AB-93F7-6014868CD7D4}.Release|x86.ActiveCfg = Release|Win32
		{FD51439E-E676-40AB-93F7-6014868CD7D4}.Release|x86.Build.0 = Release|Win32
	EndGlobalSection
	GlobalSection(SolutionProperties) = preSolution
		HideSolutionNode = FALSE
	EndGlobalSection
	GlobalSection(ExtensibilityGlobals) = postSolution
		SolutionGuid = {E8C46C64-7D00-4827-9A11-78077C9CF108}
	EndGlobalSection
EndGlobal
